Microsoft Visual Studio Solution File, Format Version 12.00
# Visual Studio 14
Project("{8BC9CEB8-8B4A-11D0-8D11-00A0C91BC942}") = "ALL_BUILD", "ALL_BUILD.vcxproj", "{EA7EBEED-4343-3C9A-9FBA-FBD24302C0F3}"
	ProjectSection(ProjectDependencies) = postProject
		{E7D73A3F-6E11-3FC6-8CFA-5C4DF1EF8252} = {E7D73A3F-6E11-3FC6-8CFA-5C4DF1EF8252}
		{A027FBBB-7D95-3415-88B5-9EF68BC186E9} = {A027FBBB-7D95-3415-88B5-9EF68BC186E9}
	EndProjectSection
EndProject
Project("{8BC9CEB8-8B4A-11D0-8D11-00A0C91BC942}") = "TopDownShooterTemplate", "TopDownShooterTemplate.vcxproj", "{E7D73A3F-6E11-3FC6-8CFA-5C4DF1EF8252}"
	ProjectSection(ProjectDependencies) = postProject
		{A027FBBB-7D95-3415-88B5-9EF68BC186E9} = {A027FBBB-7D95-3415-88B5-9EF68BC186E9}
	EndProjectSection
EndProject
Project("{8BC9CEB8-8B4A-11D0-8D11-00A0C91BC942}") = "ZERO_CHECK", "ZERO_CHECK.vcxproj", "{A027FBBB-7D95-3415-88B5-9EF68BC186E9}"
	ProjectSection(ProjectDependencies) = postProject
	EndProjectSection
EndProject
Global
	GlobalSection(SolutionConfigurationPlatforms) = preSolution
		Debug|x64 = Debug|x64
		Release|x64 = Release|x64
		MinSizeRel|x64 = MinSizeRel|x64
		RelWithDebInfo|x64 = RelWithDebInfo|x64
	EndGlobalSection
	GlobalSection(ProjectConfigurationPlatforms) = postSolution
		{EA7EBEED-4343-3C9A-9FBA-FBD24302C0F3}.Debug|x64.ActiveCfg = Debug|x64
		{EA7EBEED-4343-3C9A-9FBA-FBD24302C0F3}.Release|x64.ActiveCfg = Release|x64
		{EA7EBEED-4343-3C9A-9FBA-FBD24302C0F3}.MinSizeRel|x64.ActiveCfg = MinSizeRel|x64
		{EA7EBEED-4343-3C9A-9FBA-FBD24302C0F3}.RelWithDebInfo|x64.ActiveCfg = RelWithDebInfo|x64
		{E7D73A3F-6E11-3FC6-8CFA-5C4DF1EF8252}.Debug|x64.ActiveCfg = Debug|x64
		{E7D73A3F-6E11-3FC6-8CFA-5C4DF1EF8252}.Debug|x64.Build.0 = Debug|x64
		{E7D73A3F-6E11-3FC6-8CFA-5C4DF1EF8252}.Release|x64.ActiveCfg = Release|x64
		{E7D73A3F-6E11-3FC6-8CFA-5C4DF1EF8252}.Release|x64.Build.0 = Release|x64
		{E7D73A3F-6E11-3FC6-8CFA-5C4DF1EF8252}.MinSizeRel|x64.ActiveCfg = MinSizeRel|x64
		{E7D73A3F-6E11-3FC6-8CFA-5C4DF1EF8252}.MinSizeRel|x64.Build.0 = MinSizeRel|x64
		{E7D73A3F-6E11-3FC6-8CFA-5C4DF1EF8252}.RelWithDebInfo|x64.ActiveCfg = RelWithDebInfo|x64
		{E7D73A3F-6E11-3FC6-8CFA-5C4DF1EF8252}.RelWithDebInfo|x64.Build.0 = RelWithDebInfo|x64
		{A027FBBB-7D95-3415-88B5-9EF68BC186E9}.Debug|x64.ActiveCfg = Debug|x64
		{A027FBBB-7D95-3415-88B5-9EF68BC186E9}.Debug|x64.Build.0 = Debug|x64
		{A027FBBB-7D95-3415-88B5-9EF68BC186E9}.Release|x64.ActiveCfg = Release|x64
		{A027FBBB-7D95-3415-88B5-9EF68BC186E9}.Release|x64.Build.0 = Release|x64
		{A027FBBB-7D95-3415-88B5-9EF68BC186E9}.MinSizeRel|x64.ActiveCfg = MinSizeRel|x64
		{A027FBBB-7D95-3415-88B5-9EF68BC186E9}.MinSizeRel|x64.Build.0 = MinSizeRel|x64
		{A027FBBB-7D95-3415-88B5-9EF68BC186E9}.RelWithDebInfo|x64.ActiveCfg = RelWithDebInfo|x64
		{A027FBBB-7D95-3415-88B5-9EF68BC186E9}.RelWithDebInfo|x64.Build.0 = RelWithDebInfo|x64
	EndGlobalSection
	GlobalSection(ExtensibilityGlobals) = postSolution
	EndGlobalSection
	GlobalSection(ExtensibilityAddIns) = postSolution
	EndGlobalSection
EndGlobal
