<?xml version="1.0" encoding="UTF-8"?>
<Project ToolsVersion="14.0" xmlns="http://schemas.microsoft.com/developer/msbuild/2003">
  <ItemGroup>
    <ClCompile Include="F:\Dev\CryEngine_Projects\TanksV\Code\Uber.cpp">
      <Filter>UBER FILES</Filter>
    </ClCompile>
    <ClCompile Include="F:\Dev\CryEngine_Projects\TanksV\Code\StdAfx.cpp">
      <Filter>Dll</Filter>
    </ClCompile>
  </ItemGroup>
  <ItemGroup>
    <ClInclude Include="F:\Dev\CryEngine_Projects\TanksV\Code\StdAfx.h">
      <Filter>Dll</Filter>
    </ClInclude>
    <ClInclude Include="F:\Dev\CryEngine_Projects\TanksV\Code\EditorSpecific\EditorGame.cpp">
      <Filter>EditorSpecific</Filter>
    </ClInclude>
    <ClInclude Include="F:\Dev\CryEngine_Projects\TanksV\Code\EditorSpecific\EditorGame.h">
      <Filter>EditorSpecific</Filter>
    </ClInclude>
    <ClInclude Include="F:\Dev\CryEngine_Projects\TanksV\Code\Game\Game.cpp">
      <Filter>Game</Filter>
    </ClInclude>
    <ClInclude Include="F:\Dev\CryEngine_Projects\TanksV\Code\Game\Game.h">
      <Filter>Game</Filter>
    </ClInclude>
    <ClInclude Include="F:\Dev\CryEngine_Projects\TanksV\Code\Game\GameRules.cpp">
      <Filter>Game</Filter>
    </ClInclude>
    <ClInclude Include="F:\Dev\CryEngine_Projects\TanksV\Code\Game\GameRules.h">
      <Filter>Game</Filter>
    </ClInclude>
    <ClInclude Include="F:\Dev\CryEngine_Projects\TanksV\Code\Game\GameFactory.cpp">
      <Filter>Game</Filter>
    </ClInclude>
    <ClInclude Include="F:\Dev\CryEngine_Projects\TanksV\Code\Game\GameFactory.h">
      <Filter>Game</Filter>
    </ClInclude>
    <ClInclude Include="F:\Dev\CryEngine_Projects\TanksV\Code\FlowNodes\Helpers\FlowBaseNode.h">
      <Filter>Flownodes</Filter>
    </ClInclude>
    <ClInclude Include="F:\Dev\CryEngine_Projects\TanksV\Code\FlowNodes\Helpers\FlowGameEntityNode.cpp">
      <Filter>Flownodes</Filter>
    </ClInclude>
    <ClInclude Include="F:\Dev\CryEngine_Projects\TanksV\Code\FlowNodes\Helpers\FlowGameEntityNode.h">
      <Filter>Flownodes</Filter>
    </ClInclude>
    <ClInclude Include="F:\Dev\CryEngine_Projects\TanksV\Code\Startup\GameStartup.cpp">
      <Filter>Startup</Filter>
    </ClInclude>
    <ClInclude Include="F:\Dev\CryEngine_Projects\TanksV\Code\Startup\GameStartup.h">
      <Filter>Startup</Filter>
    </ClInclude>
    <ClInclude Include="F:\Dev\CryEngine_Projects\TanksV\Code\Entities\Gameplay\Weapons\Bullet.cpp">
      <Filter>Entities\Gameplay\Weapons</Filter>
    </ClInclude>
    <ClInclude Include="F:\Dev\CryEngine_Projects\TanksV\Code\Entities\Gameplay\Weapons\Bullet.h">
      <Filter>Entities\Gameplay\Weapons</Filter>
    </ClInclude>
    <ClInclude Include="F:\Dev\CryEngine_Projects\TanksV\Code\Entities\Gameplay\Weapons\ISimpleWeapon.h">
      <Filter>Entities\Gameplay\Weapons</Filter>
    </ClInclude>
    <ClInclude Include="F:\Dev\CryEngine_Projects\TanksV\Code\Entities\Gameplay\Weapons\Rifle.cpp">
      <Filter>Entities\Gameplay\Weapons</Filter>
    </ClInclude>
    <ClInclude Include="F:\Dev\CryEngine_Projects\TanksV\Code\Entities\Gameplay\Weapons\Rifle.h">
      <Filter>Entities\Gameplay\Weapons</Filter>
    </ClInclude>
    <ClInclude Include="F:\Dev\CryEngine_Projects\TanksV\Code\Entities\Gameplay\SpawnPoint.cpp">
      <Filter>Entities\Gameplay</Filter>
    </ClInclude>
    <ClInclude Include="F:\Dev\CryEngine_Projects\TanksV\Code\Entities\Gameplay\SpawnPoint.h">
      <Filter>Entities\Gameplay</Filter>
    </ClInclude>
    <ClInclude Include="F:\Dev\CryEngine_Projects\TanksV\Code\Entities\Helpers\ISimpleExtension.h">
      <Filter>Entities\Helpers</Filter>
    </ClInclude>
    <ClInclude Include="F:\Dev\CryEngine_Projects\TanksV\Code\Entities\Helpers\NativeEntityBase.cpp">
      <Filter>Entities\Helpers</Filter>
    </ClInclude>
    <ClInclude Include="F:\Dev\CryEngine_Projects\TanksV\Code\Entities\Helpers\NativeEntityBase.h">
      <Filter>Entities\Helpers</Filter>
    </ClInclude>
    <ClInclude Include="F:\Dev\CryEngine_Projects\TanksV\Code\Entities\Helpers\NativeEntityPropertyHandling.cpp">
      <Filter>Entities\Helpers</Filter>
    </ClInclude>
    <ClInclude Include="F:\Dev\CryEngine_Projects\TanksV\Code\Entities\Helpers\NativeEntityPropertyHandling.h">
      <Filter>Entities\Helpers</Filter>
    </ClInclude>
    <ClInclude Include="F:\Dev\CryEngine_Projects\TanksV\Code\Entities\Lights\LightEntity.cpp">
      <Filter>Entities\Lights</Filter>
    </ClInclude>
    <ClInclude Include="F:\Dev\CryEngine_Projects\TanksV\Code\Entities\Lights\LightEntity.h">
      <Filter>Entities\Lights</Filter>
    </ClInclude>
    <ClInclude Include="F:\Dev\CryEngine_Projects\TanksV\Code\Entities\Lights\EnvironmentProbe.cpp">
      <Filter>Entities\Lights</Filter>
    </ClInclude>
    <ClInclude Include="F:\Dev\CryEngine_Projects\TanksV\Code\Entities\Lights\EnvironmentProbe.h">
      <Filter>Entities\Lights</Filter>
    </ClInclude>
    <ClInclude Include="F:\Dev\CryEngine_Projects\TanksV\Code\Entities\Physics\RigidBody.cpp">
      <Filter>Entities\Physics</Filter>
    </ClInclude>
    <ClInclude Include="F:\Dev\CryEngine_Projects\TanksV\Code\Entities\Physics\RigidBody.h">
      <Filter>Entities\Physics</Filter>
    </ClInclude>
    <ClInclude Include="F:\Dev\CryEngine_Projects\TanksV\Code\Player\Player.cpp">
      <Filter>Player</Filter>
    </ClInclude>
    <ClInclude Include="F:\Dev\CryEngine_Projects\TanksV\Code\Player\Player.h">
      <Filter>Player</Filter>
    </ClInclude>
    <ClInclude Include="F:\Dev\CryEngine_Projects\TanksV\Code\Player\ISimpleActor.h">
      <Filter>Player</Filter>
    </ClInclude>
    <ClInclude Include="F:\Dev\CryEngine_Projects\TanksV\Code\Player\Animations\PlayerAnimations.cpp">
      <Filter>Player\Animations</Filter>
    </ClInclude>
    <ClInclude Include="F:\Dev\CryEngine_Projects\TanksV\Code\Player\Animations\PlayerAnimations.h">
      <Filter>Player\Animations</Filter>
    </ClInclude>
    <ClInclude Include="F:\Dev\CryEngine_Projects\TanksV\Code\Player\Input\PlayerInput.cpp">
      <Filter>Player\Input</Filter>
    </ClInclude>
    <ClInclude Include="F:\Dev\CryEngine_Projects\TanksV\Code\Player\Input\PlayerInput.h">
      <Filter>Player\Input</Filter>
    </ClInclude>
    <ClInclude Include="F:\Dev\CryEngine_Projects\TanksV\Code\Player\Movement\PlayerMovement.cpp">
      <Filter>Player\Movement</Filter>
    </ClInclude>
    <ClInclude Include="F:\Dev\CryEngine_Projects\TanksV\Code\Player\Movement\PlayerMovement.h">
      <Filter>Player\Movement</Filter>
    </ClInclude>
    <ClInclude Include="F:\Dev\CryEngine_Projects\TanksV\Code\Player\View\PlayerView.cpp">
      <Filter>Player\View</Filter>
    </ClInclude>
    <ClInclude Include="F:\Dev\CryEngine_Projects\TanksV\Code\Player\View\PlayerView.h">
      <Filter>Player\View</Filter>
    </ClInclude>
  </ItemGroup>
  <ItemGroup>
    <CustomBuild Include="F:\Dev\CryEngine_Projects\TanksV\Code\CMakeLists.txt" />
  </ItemGroup>
  <ItemGroup>
    <Filter Include="Entities\Gameplay">
      <UniqueIdentifier>{FB7B1E50-2AD7-39BC-A720-5BBD1EFD625A}</UniqueIdentifier>
    </Filter>
    <Filter Include="Entities\Helpers">
      <UniqueIdentifier>{45778866-037B-3180-8F27-9CAB5772C932}</UniqueIdentifier>
    </Filter>
    <Filter Include="Entities\Lights">
      <UniqueIdentifier>{E5E5FB64-CC94-3A08-B786-2DA2C5A57EE2}</UniqueIdentifier>
    </Filter>
    <Filter Include="Entities\Physics">
      <UniqueIdentifier>{1A9F0A8B-E927-32B9-9A26-03283CC5ADA3}</UniqueIdentifier>
    </Filter>
    <Filter Include="Player\Animations">
      <UniqueIdentifier>{CA7EED16-4505-330B-B56B-B61B6901E554}</UniqueIdentifier>
    </Filter>
    <Filter Include="Player\Input">
      <UniqueIdentifier>{17CFD4E5-3321-3705-9B1A-A7AFF1E7742E}</UniqueIdentifier>
    </Filter>
    <Filter Include="Player\Movement">
      <UniqueIdentifier>{657968DC-6F56-3F09-B2D2-E3216F1F3394}</UniqueIdentifier>
    </Filter>
    <Filter Include="Player\View">
      <UniqueIdentifier>{30AED75C-CF31-338E-BA13-97EA1DFF78BB}</UniqueIdentifier>
    </Filter>
    <Filter Include="Entities\Gameplay\Weapons">
      <UniqueIdentifier>{0EB8C9B4-14A6-3CD9-AE05-A28ECA283CF7}</UniqueIdentifier>
    </Filter>
    <Filter Include="Dll">
      <UniqueIdentifier>{48EDED83-2C46-35C6-9137-18D3BA28B70B}</UniqueIdentifier>
    </Filter>
    <Filter Include="EditorSpecific">
      <UniqueIdentifier>{ED22F56F-B55B-3DF6-A265-F309D53BF56A}</UniqueIdentifier>
    </Filter>
    <Filter Include="Game">
      <UniqueIdentifier>{C8712B42-D9A1-3B13-99B5-AFDC5E268E8A}</UniqueIdentifier>
    </Filter>
    <Filter Include="Flownodes">
      <UniqueIdentifier>{4736C679-4038-3C38-9020-7D39E85D70FD}</UniqueIdentifier>
    </Filter>
    <Filter Include="Startup">
      <UniqueIdentifier>{02F49E43-A99A-3582-8E97-6C85A97AAABB}</UniqueIdentifier>
    </Filter>
    <Filter Include="Entities">
      <UniqueIdentifier>{F8513EF9-F991-3792-9FDB-93BA3B8CF3FF}</UniqueIdentifier>
    </Filter>
    <Filter Include="Player">
      <UniqueIdentifier>{CB0C4950-0F66-31E6-9C14-064D75912587}</UniqueIdentifier>
    </Filter>
    <Filter Include="UBER FILES">
      <UniqueIdentifier>{98AC8EDD-2596-37BD-B19C-09DF2BCCF213}</UniqueIdentifier>
    </Filter>
  </ItemGroup>
</Project>
