<?xml version="1.0" encoding="UTF-8"?>
<Project ToolsVersion="14.0" xmlns="http://schemas.microsoft.com/developer/msbuild/2003">
  <ItemGroup>
    <CustomBuild Include="F:\Dev\CryEngine_Projects\TanksV\Code\CMakeFiles\028df62248f4b20b8fbf31f742cb0633\generate.stamp.rule">
      <Filter>CMake Rules</Filter>
    </CustomBuild>
  </ItemGroup>
  <ItemGroup>
    <Filter Include="CMake Rules">
      <UniqueIdentifier>{4AF7A506-E44D-3E33-AA11-76AE33E5AF3B}</UniqueIdentifier>
    </Filter>
  </ItemGroup>
</Project>
